
Microsoft Visual Studio Solution File, Format Version 12.00
# Visual Studio Version 16
VisualStudioVersion = 16.0.31129.286
MinimumVisualStudioVersion = 10.0.40219.1
Project("{8BC9CEB8-8B4A-11D0-8D11-00A0C91BC942}") = "BlackJack", "BlackJack\BlackJack.vcxproj", "{EACA0B96-DB17-47C1-9FF4-C7CEB721466D}"
EndProject
Global
	GlobalSection(SolutionConfigurationPlatforms) = preSolution
		Debug|x64 = Debug|x64
		Debug|x86 = Debug|x86
		Release|x64 = Release|x64
		Release|x86 = Release|x86
	EndGlobalSection
	GlobalSection(ProjectConfigurationPlatforms) = postSolution
		{EACA0B96-DB17-47C1-9FF4-C7CEB721466D}.Debug|x64.ActiveCfg = Debug|x64
		{EACA0B96-DB17-47C1-9FF4-C7CEB721466D}.Debug|x64.Build.0 = Debug|x64
		{EACA0B96-DB17-47C1-9FF4-C7CEB721466D}.Debug|x86.ActiveCfg = Debug|Win32
		{EACA0B96-DB17-47C1-9FF4-C7CEB721466D}.Debug|x86.Build.0 = Debug|Win32
		{EACA0B96-DB17-47C1-9FF4-C7CEB721466D}.Release|x64.ActiveCfg = Release|x64
		{EACA0B96-DB17-47C1-9FF4-C7CEB721466D}.Release|x64.Build.0 = Release|x64
		{EACA0B96-DB17-47C1-9FF4-C7CEB721466D}.Release|x86.ActiveCfg = Release|Win32
		{EACA0B96-DB17-47C1-9FF4-C7CEB721466D}.Release|x86.Build.0 = Release|Win32
	EndGlobalSection
	GlobalSection(SolutionProperties) = preSolution
		HideSolutionNode = FALSE
	EndGlobalSection
	GlobalSection(ExtensibilityGlobals) = postSolution
		SolutionGuid = {411354A2-D1CA-4F61-B7F6-C8966C1270D2}
	EndGlobalSection
EndGlobal
